
Microsoft Visual Studio Solution File, Format Version 11.00
# Visual Studio 2010
Project("{FAE04EC0-301F-11D3-BF4B-00C04F79EFBC}") = "Assembly-CSharp", "Assembly-CSharp.csproj", "{a6e9d19d-b6e5-7d44-53f9-301671b2b8e3}"
EndProject
Project("{FAE04EC0-301F-11D3-BF4B-00C04F79EFBC}") = "Unity.2D.Animation.Samples.Runtime", "Unity.2D.Animation.Samples.Runtime.csproj", "{863d5618-3b22-bc0b-6aae-a9032a0d9093}"
EndProject
Project("{FAE04EC0-301F-11D3-BF4B-00C04F79EFBC}") = "Unity.2D.Animation.Samples.Dependency", "Unity.2D.Animation.Samples.Dependency.csproj", "{2410ce5c-e5b7-3aa6-a77e-b4d4d1128029}"
EndProject
Project("{FAE04EC0-301F-11D3-BF4B-00C04F79EFBC}") = "Unity.2D.Animation.Samples.Editor", "Unity.2D.Animation.Samples.Editor.csproj", "{c3cd2c85-2ba6-67ff-3585-7b09b9bd75d4}"
EndProject
Global
	GlobalSection(SolutionConfigurationPlatforms) = preSolution
		Debug|Any CPU = Debug|Any CPU
		Release|Any CPU = Release|Any CPU
	EndGlobalSection
	GlobalSection(ProjectConfigurationPlatforms) = postSolution
		{a6e9d19d-b6e5-7d44-53f9-301671b2b8e3}.Debug|Any CPU.ActiveCfg = Debug|Any CPU
		{a6e9d19d-b6e5-7d44-53f9-301671b2b8e3}.Debug|Any CPU.Build.0 = Debug|Any CPU
		{a6e9d19d-b6e5-7d44-53f9-301671b2b8e3}.Release|Any CPU.ActiveCfg = Release|Any CPU
		{a6e9d19d-b6e5-7d44-53f9-301671b2b8e3}.Release|Any CPU.Build.0 = Release|Any CPU
		{863d5618-3b22-bc0b-6aae-a9032a0d9093}.Debug|Any CPU.ActiveCfg = Debug|Any CPU
		{863d5618-3b22-bc0b-6aae-a9032a0d9093}.Debug|Any CPU.Build.0 = Debug|Any CPU
		{863d5618-3b22-bc0b-6aae-a9032a0d9093}.Release|Any CPU.ActiveCfg = Release|Any CPU
		{863d5618-3b22-bc0b-6aae-a9032a0d9093}.Release|Any CPU.Build.0 = Release|Any CPU
		{2410ce5c-e5b7-3aa6-a77e-b4d4d1128029}.Debug|Any CPU.ActiveCfg = Debug|Any CPU
		{2410ce5c-e5b7-3aa6-a77e-b4d4d1128029}.Debug|Any CPU.Build.0 = Debug|Any CPU
		{2410ce5c-e5b7-3aa6-a77e-b4d4d1128029}.Release|Any CPU.ActiveCfg = Release|Any CPU
		{2410ce5c-e5b7-3aa6-a77e-b4d4d1128029}.Release|Any CPU.Build.0 = Release|Any CPU
		{c3cd2c85-2ba6-67ff-3585-7b09b9bd75d4}.Debug|Any CPU.ActiveCfg = Debug|Any CPU
		{c3cd2c85-2ba6-67ff-3585-7b09b9bd75d4}.Debug|Any CPU.Build.0 = Debug|Any CPU
		{c3cd2c85-2ba6-67ff-3585-7b09b9bd75d4}.Release|Any CPU.ActiveCfg = Release|Any CPU
		{c3cd2c85-2ba6-67ff-3585-7b09b9bd75d4}.Release|Any CPU.Build.0 = Release|Any CPU
	EndGlobalSection
	GlobalSection(SolutionProperties) = preSolution
		HideSolutionNode = FALSE
	EndGlobalSection
EndGlobal
